<?xml version="1.0" encoding="utf-8"?>
<Project ToolsVersion="4.0" xmlns="http://schemas.microsoft.com/developer/msbuild/2003">
  <ItemGroup>
    <ClCompile Include="surface.cpp">
      <Filter>template code</Filter>
    </ClCompile>
    <ClCompile Include="template.cpp">
      <Filter>template code</Filter>
    </ClCompile>
    <ClCompile Include="collidable.cpp">
      <Filter>Base Classes\Collidable</Filter>
    </ClCompile>
    <ClCompile Include="glow_orb.cpp">
      <Filter>Base Classes\Glow Orb</Filter>
    </ClCompile>
    <ClCompile Include="full_glow_orb.cpp">
      <Filter>Glow Files\Full Glow Orb</Filter>
    </ClCompile>
    <ClCompile Include="glow_manager.cpp">
      <Filter>Glow Files\Glow Manager</Filter>
    </ClCompile>
    <ClCompile Include="safe_glow_orb.cpp">
      <Filter>Glow Files\Safe Glow Orb</Filter>
    </ClCompile>
    <ClCompile Include="full_glow_orb.cpp">
      <Filter>Glow Files</Filter>
    </ClCompile>
    <ClCompile Include="viewport.cpp">
      <Filter>Viewport Files\Viewport</Filter>
    </ClCompile>
    <ClCompile Include="camera.cpp">
      <Filter>Viewport Files\Camera</Filter>
    </ClCompile>
    <ClCompile Include="player.cpp">
      <Filter>Player Files\Player</Filter>
    </ClCompile>
    <ClCompile Include="detector_point.cpp">
      <Filter>Player Files\Detector Point</Filter>
    </ClCompile>
    <ClCompile Include="level.cpp">
      <Filter>Level Files\Level</Filter>
    </ClCompile>
    <ClCompile Include="blueprints.cpp">
      <Filter>Level Files\Blueprints</Filter>
    </ClCompile>
    <ClCompile Include="temp_glow_orb.cpp">
      <Filter>Glow Files\Temp Glow Orb</Filter>
    </ClCompile>
    <ClCompile Include="life_hud.cpp">
      <Filter>Viewport Files\Life HUD</Filter>
    </ClCompile>
    <ClCompile Include="player_echo.cpp">
      <Filter>Base Classes\Player Echo</Filter>
    </ClCompile>
    <ClCompile Include="first_echo.cpp">
      <Filter>Player Files\Echoes</Filter>
    </ClCompile>
    <ClCompile Include="second_echo.cpp">
      <Filter>Player Files\Echoes</Filter>
    </ClCompile>
    <ClCompile Include="game.cpp">
      <Filter>Game Files\Game</Filter>
    </ClCompile>
    <ClCompile Include="text_repo.cpp">
      <Filter>Game Files\Text Repo</Filter>
    </ClCompile>
    <ClCompile Include="text_sprite_maker.cpp">
      <Filter>Game Files\Text Sprite Maker</Filter>
    </ClCompile>
    <ClCompile Include="message_box.cpp">
      <Filter>Level Files\Message Box</Filter>
    </ClCompile>
    <ClCompile Include="collision_processor.cpp" />
    <ClCompile Include="pickup_glow_orb.cpp">
      <Filter>Glow Files\Pickup Glow Orb</Filter>
    </ClCompile>
    <ClCompile Include="light_pickup.cpp">
      <Filter>Level Files\Light Pickup</Filter>
    </ClCompile>
    <ClCompile Include="obstacle.cpp">
      <Filter>Level Files\Obstacle</Filter>
    </ClCompile>
    <ClCompile Include="collision_manager.cpp">
      <Filter>Collision Files\Collision Manager</Filter>
    </ClCompile>
    <ClCompile Include="moving_obstacle.cpp">
      <Filter>Level Files\Moving Obstacle</Filter>
    </ClCompile>
  </ItemGroup>
  <ItemGroup>
    <ClInclude Include="surface.h">
      <Filter>template code</Filter>
    </ClInclude>
    <ClInclude Include="template.h">
      <Filter>template code</Filter>
    </ClInclude>
    <ClInclude Include="standard_form.h">
      <Filter>Collision Files</Filter>
    </ClInclude>
    <ClInclude Include="intersection.h">
      <Filter>Collision Files</Filter>
    </ClInclude>
    <ClInclude Include="collidable.h">
      <Filter>Base Classes\Collidable</Filter>
    </ClInclude>
    <ClInclude Include="glow_orb.h">
      <Filter>Base Classes\Glow Orb</Filter>
    </ClInclude>
    <ClInclude Include="full_glow_orb.h">
      <Filter>Glow Files\Full Glow Orb</Filter>
    </ClInclude>
    <ClInclude Include="glow_manager.h">
      <Filter>Glow Files\Glow Manager</Filter>
    </ClInclude>
    <ClInclude Include="safe_glow_orb.h">
      <Filter>Glow Files\Safe Glow Orb</Filter>
    </ClInclude>
    <ClInclude Include="temp_glow_orb.h">
      <Filter>Glow Files\Temp Glow Orb</Filter>
    </ClInclude>
    <ClInclude Include="blueprints.h">
      <Filter>Level Files\Blueprints</Filter>
    </ClInclude>
    <ClInclude Include="level.h">
      <Filter>Level Files\Level</Filter>
    </ClInclude>
    <ClInclude Include="obstacle.h">
      <Filter>Level Files\Obstacle</Filter>
    </ClInclude>
    <ClInclude Include="viewport.h">
      <Filter>Viewport Files\Viewport</Filter>
    </ClInclude>
    <ClInclude Include="camera.h">
      <Filter>Viewport Files\Camera</Filter>
    </ClInclude>
    <ClInclude Include="player.h">
      <Filter>Player Files\Player</Filter>
    </ClInclude>
    <ClInclude Include="detector_point.h">
      <Filter>Player Files\Detector Point</Filter>
    </ClInclude>
    <ClInclude Include="socket.h">
      <Filter>Base Classes</Filter>
    </ClInclude>
    <ClInclude Include="collision_socket.h">
      <Filter>Collision Files</Filter>
    </ClInclude>
    <ClInclude Include="glow_socket.h">
      <Filter>Glow Files</Filter>
    </ClInclude>
    <ClInclude Include="life_hud.h">
      <Filter>Viewport Files\Life HUD</Filter>
    </ClInclude>
    <ClInclude Include="player_echo.h">
      <Filter>Base Classes\Player Echo</Filter>
    </ClInclude>
    <ClInclude Include="life_socket.h">
      <Filter>Viewport Files\Life HUD</Filter>
    </ClInclude>
    <ClInclude Include="first_echo.h">
      <Filter>Player Files\Echoes</Filter>
    </ClInclude>
    <ClInclude Include="second_echo.h">
      <Filter>Player Files\Echoes</Filter>
    </ClInclude>
    <ClInclude Include="viewport_socket.h">
      <Filter>Viewport Files\Viewport</Filter>
    </ClInclude>
    <ClInclude Include="camera_socket.h">
      <Filter>Viewport Files\Camera</Filter>
    </ClInclude>
    <ClInclude Include="game.h">
      <Filter>Game Files\Game</Filter>
    </ClInclude>
    <ClInclude Include="text_repo.h">
      <Filter>Game Files\Text Repo</Filter>
    </ClInclude>
    <ClInclude Include="game_socket.h">
      <Filter>Game Files\Game</Filter>
    </ClInclude>
    <ClInclude Include="blueprint_code.h">
      <Filter>Level Files\Blueprints</Filter>
    </ClInclude>
    <ClInclude Include="text_sprite_maker.h">
      <Filter>Game Files\Text Sprite Maker</Filter>
    </ClInclude>
    <ClInclude Include="message_box.h">
      <Filter>Level Files\Message Box</Filter>
    </ClInclude>
    <ClInclude Include="collision_processor.h" />
    <ClInclude Include="pickup_glow_orb.h">
      <Filter>Glow Files\Pickup Glow Orb</Filter>
    </ClInclude>
    <ClInclude Include="light_pickup.h">
      <Filter>Level Files\Light Pickup</Filter>
    </ClInclude>
    <ClInclude Include="finish_line.h">
      <Filter>Level Files\Finish Line</Filter>
    </ClInclude>
    <ClInclude Include="collision_manager.h">
      <Filter>Collision Files\Collision Manager</Filter>
    </ClInclude>
    <ClInclude Include="key_manager.h" />
    <ClInclude Include="message_enums.h">
      <Filter>Level Files\Message Box</Filter>
    </ClInclude>
    <ClInclude Include="obstacle_consts.h">
      <Filter>Level Files\Obstacle</Filter>
    </ClInclude>
    <ClInclude Include="player_socket.h">
      <Filter>Player Files</Filter>
    </ClInclude>
    <ClInclude Include="moving_obstacle.h">
      <Filter>Level Files\Moving Obstacle</Filter>
    </ClInclude>
  </ItemGroup>
  <ItemGroup>
    <Filter Include="template code">
      <UniqueIdentifier>{bf32dd6e-4be7-4889-8ac6-49e7ee163c40}</UniqueIdentifier>
    </Filter>
    <Filter Include="Glow Files">
      <UniqueIdentifier>{30bfdf4c-5949-4dc2-a6bd-d50a2670202e}</UniqueIdentifier>
    </Filter>
    <Filter Include="Collision Files">
      <UniqueIdentifier>{e5ad92fe-99a8-4aa0-be4d-5bf765c27fcb}</UniqueIdentifier>
    </Filter>
    <Filter Include="Level Files">
      <UniqueIdentifier>{3f573535-8f20-4686-b040-b53936ce7ff3}</UniqueIdentifier>
    </Filter>
    <Filter Include="Player Files">
      <UniqueIdentifier>{39066450-592a-40a8-863c-b69eff6873a1}</UniqueIdentifier>
    </Filter>
    <Filter Include="Base Classes">
      <UniqueIdentifier>{f9585769-b341-4d1f-930a-bc88e005960d}</UniqueIdentifier>
    </Filter>
    <Filter Include="Viewport Files">
      <UniqueIdentifier>{55d33605-4bab-4373-99b3-c00467b989c5}</UniqueIdentifier>
    </Filter>
    <Filter Include="Base Classes\Collidable">
      <UniqueIdentifier>{bc3cf6dd-ed2b-45bf-8405-8bf9885b9827}</UniqueIdentifier>
    </Filter>
    <Filter Include="Base Classes\Glow Orb">
      <UniqueIdentifier>{346c89d1-9a48-45ca-aef2-ee5d69c8401f}</UniqueIdentifier>
    </Filter>
    <Filter Include="Collision Files\Collision Manager">
      <UniqueIdentifier>{e247a048-7405-4311-a48a-dd654534073a}</UniqueIdentifier>
    </Filter>
    <Filter Include="Glow Files\Full Glow Orb">
      <UniqueIdentifier>{5f57b48e-09df-45f2-84f8-9d60b8de298a}</UniqueIdentifier>
    </Filter>
    <Filter Include="Glow Files\Glow Manager">
      <UniqueIdentifier>{88cbbd2d-af45-48f9-853c-29d162085ef6}</UniqueIdentifier>
    </Filter>
    <Filter Include="Glow Files\Safe Glow Orb">
      <UniqueIdentifier>{77cacd0b-50dc-4581-99ed-9bba7518c699}</UniqueIdentifier>
    </Filter>
    <Filter Include="Glow Files\Temp Glow Orb">
      <UniqueIdentifier>{b5b8802e-9a7a-4ef5-bed7-0314177497d9}</UniqueIdentifier>
    </Filter>
    <Filter Include="Level Files\Blueprints">
      <UniqueIdentifier>{a9ca65df-a05d-4e6a-8bc3-c34b386ef9c9}</UniqueIdentifier>
    </Filter>
    <Filter Include="Level Files\Level">
      <UniqueIdentifier>{b2ed5927-15f4-4fd6-b43f-54b2a9e2eddb}</UniqueIdentifier>
    </Filter>
    <Filter Include="Level Files\Obstacle">
      <UniqueIdentifier>{a3725f90-af2d-4fc0-8090-679e470f83c8}</UniqueIdentifier>
    </Filter>
    <Filter Include="Viewport Files\Viewport">
      <UniqueIdentifier>{60b6b736-d8bb-402c-a5a0-bf719c845cf2}</UniqueIdentifier>
    </Filter>
    <Filter Include="Viewport Files\Camera">
      <UniqueIdentifier>{ff41d25f-a69b-4ceb-a7f8-71c006788ed5}</UniqueIdentifier>
    </Filter>
    <Filter Include="Player Files\Player">
      <UniqueIdentifier>{fa4640a4-f177-43f5-91eb-0bcc3dac90b9}</UniqueIdentifier>
    </Filter>
    <Filter Include="Player Files\Detector Point">
      <UniqueIdentifier>{661dbebc-035d-4005-907b-e01243c5ec58}</UniqueIdentifier>
    </Filter>
    <Filter Include="Viewport Files\Life HUD">
      <UniqueIdentifier>{690c1579-aaad-4773-9d0d-a13d68616187}</UniqueIdentifier>
    </Filter>
    <Filter Include="Base Classes\Player Echo">
      <UniqueIdentifier>{1a1eb5f4-813d-4d12-885a-9e7996d2bbb1}</UniqueIdentifier>
    </Filter>
    <Filter Include="Player Files\Echoes">
      <UniqueIdentifier>{3970886c-25b1-44a1-b18a-8c0faf353d3d}</UniqueIdentifier>
    </Filter>
    <Filter Include="Game Files">
      <UniqueIdentifier>{1b2eb349-45be-445a-9445-fa7a2aba5556}</UniqueIdentifier>
    </Filter>
    <Filter Include="Game Files\Game">
      <UniqueIdentifier>{6b8d9248-8f1a-4679-a1b0-c74cb87e30de}</UniqueIdentifier>
    </Filter>
    <Filter Include="Game Files\Text Repo">
      <UniqueIdentifier>{a3c8287a-dbec-43a6-84fc-3b2bc79ac8b4}</UniqueIdentifier>
    </Filter>
    <Filter Include="Level Files\Message Box">
      <UniqueIdentifier>{89ff01a1-4fcd-4a45-88f2-7831269b9e9b}</UniqueIdentifier>
    </Filter>
    <Filter Include="Game Files\Text Sprite Maker">
      <UniqueIdentifier>{a631c166-14a8-4640-8ab8-615b1e3bde05}</UniqueIdentifier>
    </Filter>
    <Filter Include="Glow Files\Pickup Glow Orb">
      <UniqueIdentifier>{0c6824cb-7457-41c8-96c8-4e6c5b1e7e91}</UniqueIdentifier>
    </Filter>
    <Filter Include="Level Files\Light Pickup">
      <UniqueIdentifier>{61230fe0-f1c9-4cfa-8108-50899cb3ff86}</UniqueIdentifier>
    </Filter>
    <Filter Include="Level Files\Finish Line">
      <UniqueIdentifier>{4bd13515-3ffc-455c-a7f5-4af4aad4fc9c}</UniqueIdentifier>
    </Filter>
    <Filter Include="Level Files\Moving Obstacle">
      <UniqueIdentifier>{7b62f9c3-6809-4e34-97fe-b14b2dd62846}</UniqueIdentifier>
    </Filter>
  </ItemGroup>
  <ItemGroup>
    <Text Include="_readme.txt">
      <Filter>template code</Filter>
    </Text>
  </ItemGroup>
</Project>